
Microsoft Visual Studio Solution File, Format Version 12.00
# Visual Studio Version 16
VisualStudioVersion = 16.0.31025.194
MinimumVisualStudioVersion = 10.0.40219.1
Project("{FAE04EC0-301F-11D3-BF4B-00C04F79EFBC}") = "Lab03-Task01", "Lab03-Task01\Lab03-Task01.csproj", "{D716F01A-03BF-4F74-9618-F80A76747B58}"
EndProject
Global
	GlobalSection(SolutionConfigurationPlatforms) = preSolution
		Debug|Any CPU = Debug|Any CPU
		Release|Any CPU = Release|Any CPU
	EndGlobalSection
	GlobalSection(ProjectConfigurationPlatforms) = postSolution
		{D716F01A-03BF-4F74-9618-F80A76747B58}.Debug|Any CPU.ActiveCfg = Debug|Any CPU
		{D716F01A-03BF-4F74-9618-F80A76747B58}.Debug|Any CPU.Build.0 = Debug|Any CPU
		{D716F01A-03BF-4F74-9618-F80A76747B58}.Release|Any CPU.ActiveCfg = Release|Any CPU
		{D716F01A-03BF-4F74-9618-F80A76747B58}.Release|Any CPU.Build.0 = Release|Any CPU
	EndGlobalSection
	GlobalSection(SolutionProperties) = preSolution
		HideSolutionNode = FALSE
	EndGlobalSection
	GlobalSection(ExtensibilityGlobals) = postSolution
		SolutionGuid = {7356B067-2051-4C60-984F-3D622A3BAE1F}
	EndGlobalSection
EndGlobal
