
Microsoft Visual Studio Solution File, Format Version 12.00
# Visual Studio Version 16
VisualStudioVersion = 16.0.31025.194
MinimumVisualStudioVersion = 10.0.40219.1
Project("{9A19103F-16F7-4668-BE54-9A1E7A4F7556}") = "Lab03-Task01", "Lab03-Task01\Lab03-Task01.csproj", "{D716F01A-03BF-4F74-9618-F80A76747B58}"
EndProject
Project("{9A19103F-16F7-4668-BE54-9A1E7A4F7556}") = "Lab03-Task02", "Lab03-Task02\Lab03-Task02.csproj", "{DBDC674F-E37F-45AF-8918-7DEBCE150A99}"
EndProject
Project("{FAE04EC0-301F-11D3-BF4B-00C04F79EFBC}") = "Lab03-Task03", "Lab03-Task03\Lab03-Task03.csproj", "{3BDB8BC7-2E5B-49F3-9345-E2DB6F5D70CF}"
EndProject
Project("{FAE04EC0-301F-11D3-BF4B-00C04F79EFBC}") = "Lab03-Task04", "Lab03-Task04\Lab03-Task04.csproj", "{96045205-7CFD-4A1B-827D-A1D6A437D95B}"
EndProject
Global
	GlobalSection(SolutionConfigurationPlatforms) = preSolution
		Debug|Any CPU = Debug|Any CPU
		Release|Any CPU = Release|Any CPU
	EndGlobalSection
	GlobalSection(ProjectConfigurationPlatforms) = postSolution
		{D716F01A-03BF-4F74-9618-F80A76747B58}.Debug|Any CPU.ActiveCfg = Debug|Any CPU
		{D716F01A-03BF-4F74-9618-F80A76747B58}.Debug|Any CPU.Build.0 = Debug|Any CPU
		{D716F01A-03BF-4F74-9618-F80A76747B58}.Release|Any CPU.ActiveCfg = Release|Any CPU
		{D716F01A-03BF-4F74-9618-F80A76747B58}.Release|Any CPU.Build.0 = Release|Any CPU
		{DBDC674F-E37F-45AF-8918-7DEBCE150A99}.Debug|Any CPU.ActiveCfg = Debug|Any CPU
		{DBDC674F-E37F-45AF-8918-7DEBCE150A99}.Debug|Any CPU.Build.0 = Debug|Any CPU
		{DBDC674F-E37F-45AF-8918-7DEBCE150A99}.Release|Any CPU.ActiveCfg = Release|Any CPU
		{DBDC674F-E37F-45AF-8918-7DEBCE150A99}.Release|Any CPU.Build.0 = Release|Any CPU
		{3BDB8BC7-2E5B-49F3-9345-E2DB6F5D70CF}.Debug|Any CPU.ActiveCfg = Debug|Any CPU
		{3BDB8BC7-2E5B-49F3-9345-E2DB6F5D70CF}.Debug|Any CPU.Build.0 = Debug|Any CPU
		{3BDB8BC7-2E5B-49F3-9345-E2DB6F5D70CF}.Release|Any CPU.ActiveCfg = Release|Any CPU
		{3BDB8BC7-2E5B-49F3-9345-E2DB6F5D70CF}.Release|Any CPU.Build.0 = Release|Any CPU
		{96045205-7CFD-4A1B-827D-A1D6A437D95B}.Debug|Any CPU.ActiveCfg = Debug|Any CPU
		{96045205-7CFD-4A1B-827D-A1D6A437D95B}.Debug|Any CPU.Build.0 = Debug|Any CPU
		{96045205-7CFD-4A1B-827D-A1D6A437D95B}.Release|Any CPU.ActiveCfg = Release|Any CPU
		{96045205-7CFD-4A1B-827D-A1D6A437D95B}.Release|Any CPU.Build.0 = Release|Any CPU
	EndGlobalSection
	GlobalSection(SolutionProperties) = preSolution
		HideSolutionNode = FALSE
	EndGlobalSection
	GlobalSection(ExtensibilityGlobals) = postSolution
		SolutionGuid = {7356B067-2051-4C60-984F-3D622A3BAE1F}
	EndGlobalSection
EndGlobal
