
Microsoft Visual Studio Solution File, Format Version 12.00
# Visual Studio Version 16
VisualStudioVersion = 16.0.30907.101
MinimumVisualStudioVersion = 10.0.40219.1
Project("{9A19103F-16F7-4668-BE54-9A1E7A4F7556}") = "Lab02-Task01", "Lab02-Task01\Lab02-Task01.csproj", "{3286C27B-6B6F-4147-8EB4-1D4AB9AD27C8}"
EndProject
Project("{FAE04EC0-301F-11D3-BF4B-00C04F79EFBC}") = "Lab02-Task02", "Lab02-Task02\Lab02-Task02.csproj", "{3680DF27-5C94-44B3-992A-5605D1FF7A38}"
EndProject
Project("{FAE04EC0-301F-11D3-BF4B-00C04F79EFBC}") = "Lab02-Task03", "Lab02-Task03\Lab02-Task03.csproj", "{4647068E-A3BF-4D2B-9655-3A01ABBCF821}"
EndProject
Global
	GlobalSection(SolutionConfigurationPlatforms) = preSolution
		Debug|Any CPU = Debug|Any CPU
		Release|Any CPU = Release|Any CPU
	EndGlobalSection
	GlobalSection(ProjectConfigurationPlatforms) = postSolution
		{3286C27B-6B6F-4147-8EB4-1D4AB9AD27C8}.Debug|Any CPU.ActiveCfg = Debug|Any CPU
		{3286C27B-6B6F-4147-8EB4-1D4AB9AD27C8}.Debug|Any CPU.Build.0 = Debug|Any CPU
		{3286C27B-6B6F-4147-8EB4-1D4AB9AD27C8}.Release|Any CPU.ActiveCfg = Release|Any CPU
		{3286C27B-6B6F-4147-8EB4-1D4AB9AD27C8}.Release|Any CPU.Build.0 = Release|Any CPU
		{3680DF27-5C94-44B3-992A-5605D1FF7A38}.Debug|Any CPU.ActiveCfg = Debug|Any CPU
		{3680DF27-5C94-44B3-992A-5605D1FF7A38}.Debug|Any CPU.Build.0 = Debug|Any CPU
		{3680DF27-5C94-44B3-992A-5605D1FF7A38}.Release|Any CPU.ActiveCfg = Release|Any CPU
		{3680DF27-5C94-44B3-992A-5605D1FF7A38}.Release|Any CPU.Build.0 = Release|Any CPU
		{4647068E-A3BF-4D2B-9655-3A01ABBCF821}.Debug|Any CPU.ActiveCfg = Debug|Any CPU
		{4647068E-A3BF-4D2B-9655-3A01ABBCF821}.Debug|Any CPU.Build.0 = Debug|Any CPU
		{4647068E-A3BF-4D2B-9655-3A01ABBCF821}.Release|Any CPU.ActiveCfg = Release|Any CPU
		{4647068E-A3BF-4D2B-9655-3A01ABBCF821}.Release|Any CPU.Build.0 = Release|Any CPU
	EndGlobalSection
	GlobalSection(SolutionProperties) = preSolution
		HideSolutionNode = FALSE
	EndGlobalSection
	GlobalSection(ExtensibilityGlobals) = postSolution
		SolutionGuid = {61921133-1016-4740-BB2C-036664AAB24E}
	EndGlobalSection
EndGlobal
